
Microsoft Visual Studio Solution File, Format Version 12.00
# Visual Studio Version 17
VisualStudioVersion = 17.0.31903.59
MinimumVisualStudioVersion = 10.0.40219.1
Project("{2150E333-8FDC-42A3-9474-1A3956D46DE8}") = "src", "src", "{827E0CD3-B72D-47B6-A68D-7590B98EB39B}"
EndProject
Project("{FAE04EC0-301F-11D3-BF4B-00C04F79EFBC}") = "Invora.Api", "src\Invora.Api\Invora.Api.csproj", "{2FD4AD26-7EEE-403B-A190-D18E927E3A62}"
EndProject
Project("{FAE04EC0-301F-11D3-BF4B-00C04F79EFBC}") = "Invora.Application", "src\Invora.Application\Invora.Application.csproj", "{7D3A7925-ABCE-4961-9412-BC0EDCDC4172}"
EndProject
Project("{FAE04EC0-301F-11D3-BF4B-00C04F79EFBC}") = "Invora.Domain", "src\Invora.Domain\Invora.Domain.csproj", "{FF499C23-70A7-4558-B748-F41925C5968C}"
EndProject
Project("{FAE04EC0-301F-11D3-BF4B-00C04F79EFBC}") = "Invora.Contracts", "src\Invora.Contracts\Invora.Contracts.csproj", "{CF236D8E-2FA0-44B3-AD91-2BB596942051}"
EndProject
Project("{FAE04EC0-301F-11D3-BF4B-00C04F79EFBC}") = "Invora.Infrastructure", "src\Invora.Infrastructure\Invora.Infrastructure.csproj", "{9DA12DB6-23F4-4931-98AA-17236C6E722C}"
EndProject
Project("{2150E333-8FDC-42A3-9474-1A3956D46DE8}") = "tests", "tests", "{0AB3BF05-4346-4AA6-1389-037BE0695223}"
EndProject
Project("{FAE04EC0-301F-11D3-BF4B-00C04F79EFBC}") = "Invora.UnitTests", "tests\Invora.UnitTests\Invora.UnitTests.csproj", "{4CC835F4-026F-4C68-8FA3-2933AB94BF7E}"
EndProject
Project("{FAE04EC0-301F-11D3-BF4B-00C04F79EFBC}") = "Invora.IntegrationTests", "tests\Invora.IntegrationTests\Invora.IntegrationTests.csproj", "{E0826EBA-5DAB-4E09-A625-D2BB4FF82085}"
EndProject
Global
	GlobalSection(SolutionConfigurationPlatforms) = preSolution
		Debug|Any CPU = Debug|Any CPU
		Debug|x64 = Debug|x64
		Debug|x86 = Debug|x86
		Release|Any CPU = Release|Any CPU
		Release|x64 = Release|x64
		Release|x86 = Release|x86
	EndGlobalSection
	GlobalSection(ProjectConfigurationPlatforms) = postSolution
		{2FD4AD26-7EEE-403B-A190-D18E927E3A62}.Debug|Any CPU.ActiveCfg = Debug|Any CPU
		{2FD4AD26-7EEE-403B-A190-D18E927E3A62}.Debug|Any CPU.Build.0 = Debug|Any CPU
		{2FD4AD26-7EEE-403B-A190-D18E927E3A62}.Debug|x64.ActiveCfg = Debug|Any CPU
		{2FD4AD26-7EEE-403B-A190-D18E927E3A62}.Debug|x64.Build.0 = Debug|Any CPU
		{2FD4AD26-7EEE-403B-A190-D18E927E3A62}.Debug|x86.ActiveCfg = Debug|Any CPU
		{2FD4AD26-7EEE-403B-A190-D18E927E3A62}.Debug|x86.Build.0 = Debug|Any CPU
		{2FD4AD26-7EEE-403B-A190-D18E927E3A62}.Release|Any CPU.ActiveCfg = Release|Any CPU
		{2FD4AD26-7EEE-403B-A190-D18E927E3A62}.Release|Any CPU.Build.0 = Release|Any CPU
		{2FD4AD26-7EEE-403B-A190-D18E927E3A62}.Release|x64.ActiveCfg = Release|Any CPU
		{2FD4AD26-7EEE-403B-A190-D18E927E3A62}.Release|x64.Build.0 = Release|Any CPU
		{2FD4AD26-7EEE-403B-A190-D18E927E3A62}.Release|x86.ActiveCfg = Release|Any CPU
		{2FD4AD26-7EEE-403B-A190-D18E927E3A62}.Release|x86.Build.0 = Release|Any CPU
		{7D3A7925-ABCE-4961-9412-BC0EDCDC4172}.Debug|Any CPU.ActiveCfg = Debug|Any CPU
		{7D3A7925-ABCE-4961-9412-BC0EDCDC4172}.Debug|Any CPU.Build.0 = Debug|Any CPU
		{7D3A7925-ABCE-4961-9412-BC0EDCDC4172}.Debug|x64.ActiveCfg = Debug|Any CPU
		{7D3A7925-ABCE-4961-9412-BC0EDCDC4172}.Debug|x64.Build.0 = Debug|Any CPU
		{7D3A7925-ABCE-4961-9412-BC0EDCDC4172}.Debug|x86.ActiveCfg = Debug|Any CPU
		{7D3A7925-ABCE-4961-9412-BC0EDCDC4172}.Debug|x86.Build.0 = Debug|Any CPU
		{7D3A7925-ABCE-4961-9412-BC0EDCDC4172}.Release|Any CPU.ActiveCfg = Release|Any CPU
		{7D3A7925-ABCE-4961-9412-BC0EDCDC4172}.Release|Any CPU.Build.0 = Release|Any CPU
		{7D3A7925-ABCE-4961-9412-BC0EDCDC4172}.Release|x64.ActiveCfg = Release|Any CPU
		{7D3A7925-ABCE-4961-9412-BC0EDCDC4172}.Release|x64.Build.0 = Release|Any CPU
		{7D3A7925-ABCE-4961-9412-BC0EDCDC4172}.Release|x86.ActiveCfg = Release|Any CPU
		{7D3A7925-ABCE-4961-9412-BC0EDCDC4172}.Release|x86.Build.0 = Release|Any CPU
		{FF499C23-70A7-4558-B748-F41925C5968C}.Debug|Any CPU.ActiveCfg = Debug|Any CPU
		{FF499C23-70A7-4558-B748-F41925C5968C}.Debug|Any CPU.Build.0 = Debug|Any CPU
		{FF499C23-70A7-4558-B748-F41925C5968C}.Debug|x64.ActiveCfg = Debug|Any CPU
		{FF499C23-70A7-4558-B748-F41925C5968C}.Debug|x64.Build.0 = Debug|Any CPU
		{FF499C23-70A7-4558-B748-F41925C5968C}.Debug|x86.ActiveCfg = Debug|Any CPU
		{FF499C23-70A7-4558-B748-F41925C5968C}.Debug|x86.Build.0 = Debug|Any CPU
		{FF499C23-70A7-4558-B748-F41925C5968C}.Release|Any CPU.ActiveCfg = Release|Any CPU
		{FF499C23-70A7-4558-B748-F41925C5968C}.Release|Any CPU.Build.0 = Release|Any CPU
		{FF499C23-70A7-4558-B748-F41925C5968C}.Release|x64.ActiveCfg = Release|Any CPU
		{FF499C23-70A7-4558-B748-F41925C5968C}.Release|x64.Build.0 = Release|Any CPU
		{FF499C23-70A7-4558-B748-F41925C5968C}.Release|x86.ActiveCfg = Release|Any CPU
		{FF499C23-70A7-4558-B748-F41925C5968C}.Release|x86.Build.0 = Release|Any CPU
		{CF236D8E-2FA0-44B3-AD91-2BB596942051}.Debug|Any CPU.ActiveCfg = Debug|Any CPU
		{CF236D8E-2FA0-44B3-AD91-2BB596942051}.Debug|Any CPU.Build.0 = Debug|Any CPU
		{CF236D8E-2FA0-44B3-AD91-2BB596942051}.Debug|x64.ActiveCfg = Debug|Any CPU
		{CF236D8E-2FA0-44B3-AD91-2BB596942051}.Debug|x64.Build.0 = Debug|Any CPU
		{CF236D8E-2FA0-44B3-AD91-2BB596942051}.Debug|x86.ActiveCfg = Debug|Any CPU
		{CF236D8E-2FA0-44B3-AD91-2BB596942051}.Debug|x86.Build.0 = Debug|Any CPU
		{CF236D8E-2FA0-44B3-AD91-2BB596942051}.Release|Any CPU.ActiveCfg = Release|Any CPU
		{CF236D8E-2FA0-44B3-AD91-2BB596942051}.Release|Any CPU.Build.0 = Release|Any CPU
		{CF236D8E-2FA0-44B3-AD91-2BB596942051}.Release|x64.ActiveCfg = Release|Any CPU
		{CF236D8E-2FA0-44B3-AD91-2BB596942051}.Release|x64.Build.0 = Release|Any CPU
		{CF236D8E-2FA0-44B3-AD91-2BB596942051}.Release|x86.ActiveCfg = Release|Any CPU
		{CF236D8E-2FA0-44B3-AD91-2BB596942051}.Release|x86.Build.0 = Release|Any CPU
		{9DA12DB6-23F4-4931-98AA-17236C6E722C}.Debug|Any CPU.ActiveCfg = Debug|Any CPU
		{9DA12DB6-23F4-4931-98AA-17236C6E722C}.Debug|Any CPU.Build.0 = Debug|Any CPU
		{9DA12DB6-23F4-4931-98AA-17236C6E722C}.Debug|x64.ActiveCfg = Debug|Any CPU
		{9DA12DB6-23F4-4931-98AA-17236C6E722C}.Debug|x64.Build.0 = Debug|Any CPU
		{9DA12DB6-23F4-4931-98AA-17236C6E722C}.Debug|x86.ActiveCfg = Debug|Any CPU
		{9DA12DB6-23F4-4931-98AA-17236C6E722C}.Debug|x86.Build.0 = Debug|Any CPU
		{9DA12DB6-23F4-4931-98AA-17236C6E722C}.Release|Any CPU.ActiveCfg = Release|Any CPU
		{9DA12DB6-23F4-4931-98AA-17236C6E722C}.Release|Any CPU.Build.0 = Release|Any CPU
		{9DA12DB6-23F4-4931-98AA-17236C6E722C}.Release|x64.ActiveCfg = Release|Any CPU
		{9DA12DB6-23F4-4931-98AA-17236C6E722C}.Release|x64.Build.0 = Release|Any CPU
		{9DA12DB6-23F4-4931-98AA-17236C6E722C}.Release|x86.ActiveCfg = Release|Any CPU
		{9DA12DB6-23F4-4931-98AA-17236C6E722C}.Release|x86.Build.0 = Release|Any CPU
		{4CC835F4-026F-4C68-8FA3-2933AB94BF7E}.Debug|Any CPU.ActiveCfg = Debug|Any CPU
		{4CC835F4-026F-4C68-8FA3-2933AB94BF7E}.Debug|Any CPU.Build.0 = Debug|Any CPU
		{4CC835F4-026F-4C68-8FA3-2933AB94BF7E}.Debug|x64.ActiveCfg = Debug|Any CPU
		{4CC835F4-026F-4C68-8FA3-2933AB94BF7E}.Debug|x64.Build.0 = Debug|Any CPU
		{4CC835F4-026F-4C68-8FA3-2933AB94BF7E}.Debug|x86.ActiveCfg = Debug|Any CPU
		{4CC835F4-026F-4C68-8FA3-2933AB94BF7E}.Debug|x86.Build.0 = Debug|Any CPU
		{4CC835F4-026F-4C68-8FA3-2933AB94BF7E}.Release|Any CPU.ActiveCfg = Release|Any CPU
		{4CC835F4-026F-4C68-8FA3-2933AB94BF7E}.Release|Any CPU.Build.0 = Release|Any CPU
		{4CC835F4-026F-4C68-8FA3-2933AB94BF7E}.Release|x64.ActiveCfg = Release|Any CPU
		{4CC835F4-026F-4C68-8FA3-2933AB94BF7E}.Release|x64.Build.0 = Release|Any CPU
		{4CC835F4-026F-4C68-8FA3-2933AB94BF7E}.Release|x86.ActiveCfg = Release|Any CPU
		{4CC835F4-026F-4C68-8FA3-2933AB94BF7E}.Release|x86.Build.0 = Release|Any CPU
		{E0826EBA-5DAB-4E09-A625-D2BB4FF82085}.Debug|Any CPU.ActiveCfg = Debug|Any CPU
		{E0826EBA-5DAB-4E09-A625-D2BB4FF82085}.Debug|Any CPU.Build.0 = Debug|Any CPU
		{E0826EBA-5DAB-4E09-A625-D2BB4FF82085}.Debug|x64.ActiveCfg = Debug|Any CPU
		{E0826EBA-5DAB-4E09-A625-D2BB4FF82085}.Debug|x64.Build.0 = Debug|Any CPU
		{E0826EBA-5DAB-4E09-A625-D2BB4FF82085}.Debug|x86.ActiveCfg = Debug|Any CPU
		{E0826EBA-5DAB-4E09-A625-D2BB4FF82085}.Debug|x86.Build.0 = Debug|Any CPU
		{E0826EBA-5DAB-4E09-A625-D2BB4FF82085}.Release|Any CPU.ActiveCfg = Release|Any CPU
		{E0826EBA-5DAB-4E09-A625-D2BB4FF82085}.Release|Any CPU.Build.0 = Release|Any CPU
		{E0826EBA-5DAB-4E09-A625-D2BB4FF82085}.Release|x64.ActiveCfg = Release|Any CPU
		{E0826EBA-5DAB-4E09-A625-D2BB4FF82085}.Release|x64.Build.0 = Release|Any CPU
		{E0826EBA-5DAB-4E09-A625-D2BB4FF82085}.Release|x86.ActiveCfg = Release|Any CPU
		{E0826EBA-5DAB-4E09-A625-D2BB4FF82085}.Release|x86.Build.0 = Release|Any CPU
	EndGlobalSection
	GlobalSection(SolutionProperties) = preSolution
		HideSolutionNode = FALSE
	EndGlobalSection
	GlobalSection(NestedProjects) = preSolution
		{2FD4AD26-7EEE-403B-A190-D18E927E3A62} = {827E0CD3-B72D-47B6-A68D-7590B98EB39B}
		{7D3A7925-ABCE-4961-9412-BC0EDCDC4172} = {827E0CD3-B72D-47B6-A68D-7590B98EB39B}
		{FF499C23-70A7-4558-B748-F41925C5968C} = {827E0CD3-B72D-47B6-A68D-7590B98EB39B}
		{CF236D8E-2FA0-44B3-AD91-2BB596942051} = {827E0CD3-B72D-47B6-A68D-7590B98EB39B}
		{9DA12DB6-23F4-4931-98AA-17236C6E722C} = {827E0CD3-B72D-47B6-A68D-7590B98EB39B}
		{4CC835F4-026F-4C68-8FA3-2933AB94BF7E} = {0AB3BF05-4346-4AA6-1389-037BE0695223}
		{E0826EBA-5DAB-4E09-A625-D2BB4FF82085} = {0AB3BF05-4346-4AA6-1389-037BE0695223}
	EndGlobalSection
EndGlobal
